
Microsoft Visual Studio Solution File, Format Version 12.00
# Visual Studio Version 16
VisualStudioVersion = 16.0.30907.101
MinimumVisualStudioVersion = 10.0.40219.1
Project("{FAE04EC0-301F-11D3-BF4B-00C04F79EFBC}") = "CVAPI", "CVAPI.csproj", "{797AB3BA-4149-4893-BE31-6EB3B74FE912}"
EndProject
Global
	GlobalSection(SolutionConfigurationPlatforms) = preSolution
		Debug|Any CPU = Debug|Any CPU
		Release|Any CPU = Release|Any CPU
	EndGlobalSection
	GlobalSection(ProjectConfigurationPlatforms) = postSolution
		{797AB3BA-4149-4893-BE31-6EB3B74FE912}.Debug|Any CPU.ActiveCfg = Debug|Any CPU
		{797AB3BA-4149-4893-BE31-6EB3B74FE912}.Debug|Any CPU.Build.0 = Debug|Any CPU
		{797AB3BA-4149-4893-BE31-6EB3B74FE912}.Release|Any CPU.ActiveCfg = Release|Any CPU
		{797AB3BA-4149-4893-BE31-6EB3B74FE912}.Release|Any CPU.Build.0 = Release|Any CPU
	EndGlobalSection
	GlobalSection(SolutionProperties) = preSolution
		HideSolutionNode = FALSE
	EndGlobalSection
	GlobalSection(ExtensibilityGlobals) = postSolution
		SolutionGuid = {E690DCD4-93C5-4CA7-9217-C7A2CFBEE82D}
	EndGlobalSection
EndGlobal
